
Microsoft Visual Studio Solution File, Format Version 12.00
# Visual Studio Version 17
VisualStudioVersion = 17.11.35312.102
MinimumVisualStudioVersion = 10.0.40219.1
Project("{FAE04EC0-301F-11D3-BF4B-00C04F79EFBC}") = "md3", "md3.csproj", "{997FA077-2601-469B-9E02-951A73E14109}"
	ProjectSection(ProjectDependencies) = postProject
		{C5CB054D-2AAD-4C60-A3D6-A1C008791EF9} = {C5CB054D-2AAD-4C60-A3D6-A1C008791EF9}
	EndProjectSection
EndProject
Project("{FAE04EC0-301F-11D3-BF4B-00C04F79EFBC}") = "CourseManagementLib", "..\CourseManagementLib\CourseManagementLib.csproj", "{C5CB054D-2AAD-4C60-A3D6-A1C008791EF9}"
EndProject
Global
	GlobalSection(SolutionConfigurationPlatforms) = preSolution
		Debug|Any CPU = Debug|Any CPU
		Release|Any CPU = Release|Any CPU
	EndGlobalSection
	GlobalSection(ProjectConfigurationPlatforms) = postSolution
		{997FA077-2601-469B-9E02-951A73E14109}.Debug|Any CPU.ActiveCfg = Debug|Any CPU
		{997FA077-2601-469B-9E02-951A73E14109}.Debug|Any CPU.Build.0 = Debug|Any CPU
		{997FA077-2601-469B-9E02-951A73E14109}.Debug|Any CPU.Deploy.0 = Debug|Any CPU
		{997FA077-2601-469B-9E02-951A73E14109}.Release|Any CPU.ActiveCfg = Release|Any CPU
		{997FA077-2601-469B-9E02-951A73E14109}.Release|Any CPU.Build.0 = Release|Any CPU
		{997FA077-2601-469B-9E02-951A73E14109}.Release|Any CPU.Deploy.0 = Release|Any CPU
		{C5CB054D-2AAD-4C60-A3D6-A1C008791EF9}.Debug|Any CPU.ActiveCfg = Debug|Any CPU
		{C5CB054D-2AAD-4C60-A3D6-A1C008791EF9}.Debug|Any CPU.Build.0 = Debug|Any CPU
		{C5CB054D-2AAD-4C60-A3D6-A1C008791EF9}.Release|Any CPU.ActiveCfg = Release|Any CPU
		{C5CB054D-2AAD-4C60-A3D6-A1C008791EF9}.Release|Any CPU.Build.0 = Release|Any CPU
	EndGlobalSection
	GlobalSection(SolutionProperties) = preSolution
		HideSolutionNode = FALSE
	EndGlobalSection
	GlobalSection(ExtensibilityGlobals) = postSolution
		SolutionGuid = {DA6F14AF-02A9-4846-B579-AD2062CEB859}
	EndGlobalSection
EndGlobal
