
Microsoft Visual Studio Solution File, Format Version 12.00
# Visual Studio Version 17
VisualStudioVersion = 17.11.35327.3
MinimumVisualStudioVersion = 10.0.40219.1
Project("{FAE04EC0-301F-11D3-BF4B-00C04F79EFBC}") = "md2", "md2.csproj", "{DF06FF10-9701-4BE0-8248-2A170EDECC6A}"
EndProject
Global
	GlobalSection(SolutionConfigurationPlatforms) = preSolution
		Debug|Any CPU = Debug|Any CPU
		Release|Any CPU = Release|Any CPU
	EndGlobalSection
	GlobalSection(ProjectConfigurationPlatforms) = postSolution
		{DF06FF10-9701-4BE0-8248-2A170EDECC6A}.Debug|Any CPU.ActiveCfg = Debug|Any CPU
		{DF06FF10-9701-4BE0-8248-2A170EDECC6A}.Debug|Any CPU.Build.0 = Debug|Any CPU
		{DF06FF10-9701-4BE0-8248-2A170EDECC6A}.Debug|Any CPU.Deploy.0 = Debug|Any CPU
		{DF06FF10-9701-4BE0-8248-2A170EDECC6A}.Release|Any CPU.ActiveCfg = Release|Any CPU
		{DF06FF10-9701-4BE0-8248-2A170EDECC6A}.Release|Any CPU.Build.0 = Release|Any CPU
		{DF06FF10-9701-4BE0-8248-2A170EDECC6A}.Release|Any CPU.Deploy.0 = Release|Any CPU
	EndGlobalSection
	GlobalSection(SolutionProperties) = preSolution
		HideSolutionNode = FALSE
	EndGlobalSection
	GlobalSection(ExtensibilityGlobals) = postSolution
		SolutionGuid = {E77446EB-61AD-4EFA-90A7-4B2514BA553F}
	EndGlobalSection
EndGlobal
